
Microsoft Visual Studio Solution File, Format Version 12.00
# Visual Studio Version 17
VisualStudioVersion = 17.12.35527.113
MinimumVisualStudioVersion = 10.0.40219.1
Project("{2150E333-8FDC-42A3-9474-1A3956D46DE8}") = "Services", "Services", "{73391F36-DFE6-4C4A-8BA9-957F1C27C36F}"
EndProject
Project("{2150E333-8FDC-42A3-9474-1A3956D46DE8}") = "Catalog", "Catalog", "{35265422-34B8-4365-B9A0-0EE11C6EA31A}"
EndProject
Project("{FAE04EC0-301F-11D3-BF4B-00C04F79EFBC}") = "MultiShop.Catalog", "Services\Catalog\MultiShop.Catalog\MultiShop.Catalog.csproj", "{DC0C85DF-A5CA-450C-A2C7-AA08BA6A1BBD}"
EndProject
Project("{2150E333-8FDC-42A3-9474-1A3956D46DE8}") = "Discount", "Discount", "{DC3112AF-E6C4-48A1-AA85-49C1E00DB5FA}"
EndProject
Project("{FAE04EC0-301F-11D3-BF4B-00C04F79EFBC}") = "MultiShop.Discount", "Services\Discount\MultiShop.Discount\MultiShop.Discount.csproj", "{AFA248C1-FD24-4E4B-ADF8-333E47B9F6C0}"
EndProject
Project("{2150E333-8FDC-42A3-9474-1A3956D46DE8}") = "IdentityServer", "IdentityServer", "{54D3BB39-B1C6-48EF-AA44-267C4B80B801}"
EndProject
Project("{FAE04EC0-301F-11D3-BF4B-00C04F79EFBC}") = "MultiShop.IdentityServer", "IndetityServer\MultiShop.IdentityServer\MultiShop.IdentityServer.csproj", "{7D5E7120-7A7F-4D33-BFED-2FC23A0D1C84}"
EndProject
Project("{2150E333-8FDC-42A3-9474-1A3956D46DE8}") = "Requirements", "Requirements", "{65AF499E-42E9-4036-9238-BA22D4680317}"
	ProjectSection(SolutionItems) = preProject
		LoginIndex.txt = LoginIndex.txt
		OcelotCodeExample.txt = OcelotCodeExample.txt
		PortNumbers.txt = PortNumbers.txt
	EndProjectSection
EndProject
Project("{2150E333-8FDC-42A3-9474-1A3956D46DE8}") = "Cargo", "Cargo", "{717CD1DB-10F4-46EB-ACB4-D878FE52A765}"
EndProject
Project("{FAE04EC0-301F-11D3-BF4B-00C04F79EFBC}") = "MultiShop.Cargo.EntityLayer", "Services\Cargo\MultiShop.Cargo.EntityLayer\MultiShop.Cargo.EntityLayer.csproj", "{2A766D36-EE05-4456-B1E5-7AEBDF915A5A}"
EndProject
Project("{FAE04EC0-301F-11D3-BF4B-00C04F79EFBC}") = "MultiShop.Cargo.BusinessLayer", "Services\Cargo\MultiShop.Cargo.BusinessLayer\MultiShop.Cargo.BusinessLayer.csproj", "{35A51558-A48C-4DA7-BB31-BF102497CD5B}"
EndProject
Project("{FAE04EC0-301F-11D3-BF4B-00C04F79EFBC}") = "MultiShop.Cargo.DataAccessLayer", "Services\Cargo\MultiShop.Cargo.DataAccessLayer\MultiShop.Cargo.DataAccessLayer.csproj", "{38867C7A-B98B-4F0E-9E41-17AC85D38366}"
EndProject
Project("{FAE04EC0-301F-11D3-BF4B-00C04F79EFBC}") = "MultiShop.Cargo.DtoLayer", "Services\Cargo\MultiShop.Cargo.DtoLayer\MultiShop.Cargo.DtoLayer.csproj", "{3BB26D6A-8EDD-4E57-A5EA-231E3D90E412}"
EndProject
Project("{FAE04EC0-301F-11D3-BF4B-00C04F79EFBC}") = "MultiShop.Cargo.WebApi", "Services\Cargo\MultiShop.Cargo.WebApi\MultiShop.Cargo.WebApi.csproj", "{9B54B31D-C267-489A-9D87-62204402DA86}"
EndProject
Project("{2150E333-8FDC-42A3-9474-1A3956D46DE8}") = "Basket", "Basket", "{E49CD4DA-C760-4431-B8A6-E66D19F80B72}"
EndProject
Project("{FAE04EC0-301F-11D3-BF4B-00C04F79EFBC}") = "MultiShop.Basket", "Services\Basket\MultiShop.Basket\MultiShop.Basket.csproj", "{C095388B-23C4-4ECC-A923-4BFA4593BE88}"
EndProject
Project("{2150E333-8FDC-42A3-9474-1A3956D46DE8}") = "Frontends", "Frontends", "{A397FCA5-5253-4073-9591-E0FAF4BFE2B8}"
EndProject
Project("{FAE04EC0-301F-11D3-BF4B-00C04F79EFBC}") = "MultiShop.WebUI", "Frontends\MultiShop.WebUI\MultiShop.WebUI.csproj", "{8029883C-FAAB-4FF8-B370-E5AF97B4DC4F}"
EndProject
Project("{FAE04EC0-301F-11D3-BF4B-00C04F79EFBC}") = "MultiShop.DtoLayer", "Frontends\MultiShop.DtoLayer\MultiShop.DtoLayer.csproj", "{9D49FE56-686B-46F7-AA6F-10F5393472FB}"
EndProject
Project("{2150E333-8FDC-42A3-9474-1A3956D46DE8}") = "Comment", "Comment", "{F9F25C1C-EB66-48BC-8109-1D8A6AE02374}"
EndProject
Project("{FAE04EC0-301F-11D3-BF4B-00C04F79EFBC}") = "MultiShop.Comment", "Services\Comment\MultiShop.Comment\MultiShop.Comment.csproj", "{430E88F6-2AAF-42F6-8DBD-EF4EBFBDC05A}"
EndProject
Project("{2150E333-8FDC-42A3-9474-1A3956D46DE8}") = "ApiGateway", "ApiGateway", "{AF7E5D54-5F42-40A3-8AE7-86DE121244FE}"
EndProject
Project("{2150E333-8FDC-42A3-9474-1A3956D46DE8}") = "RapidApi", "RapidApi", "{06BF7365-9D94-46FD-BF2E-F41AB30C5D3B}"
EndProject
Project("{FAE04EC0-301F-11D3-BF4B-00C04F79EFBC}") = "MultiShop.OcelotGateway", "ApiGateway\MultiShop.OcelotGateway\MultiShop.OcelotGateway.csproj", "{60E78DA7-0364-4E84-BCF9-894A818DA731}"
EndProject
Project("{2150E333-8FDC-42A3-9474-1A3956D46DE8}") = "Payment", "Payment", "{CCC908AB-F4D4-4075-8F6C-137E0D501BC7}"
EndProject
Project("{FAE04EC0-301F-11D3-BF4B-00C04F79EFBC}") = "MultiShop.Payment", "Services\Payment\MultiShop.Payment\MultiShop.Payment.csproj", "{A2002130-85D4-4098-9277-9483E70AE4A0}"
EndProject
Project("{2150E333-8FDC-42A3-9474-1A3956D46DE8}") = "Images", "Images", "{117DC7BD-2740-4180-BD4E-4F5BE93CD2E4}"
EndProject
Project("{FAE04EC0-301F-11D3-BF4B-00C04F79EFBC}") = "MultiShop.Images", "Services\Images\MultiShop.Images\MultiShop.Images.csproj", "{70E53119-C06D-4969-9DDB-BCA3EBC4B1D3}"
EndProject
Project("{2150E333-8FDC-42A3-9474-1A3956D46DE8}") = "Order", "Order", "{CE843BF7-0E8F-476E-BD48-010059B22B7C}"
EndProject
Project("{2150E333-8FDC-42A3-9474-1A3956D46DE8}") = "Core", "Core", "{4E0C4E43-2D34-4C0E-B80D-8C19649EC8B2}"
EndProject
Project("{FAE04EC0-301F-11D3-BF4B-00C04F79EFBC}") = "MultiShop.Order.Application", "..\..\..\MultiShop-master\Services\Order\Core\MultiShop.Order.Application\MultiShop.Order.Application.csproj", "{EFC20F44-1A6E-4996-B8BC-3E5A96E333A0}"
EndProject
Project("{2150E333-8FDC-42A3-9474-1A3956D46DE8}") = "Infrastructure", "Infrastructure", "{B7CA1538-2C8C-4571-A26F-DE38FF9E250B}"
EndProject
Project("{FAE04EC0-301F-11D3-BF4B-00C04F79EFBC}") = "MultiShop.Order.Persistence", "..\..\..\MultiShop-master\Services\Order\Infrastructure\MultiShop.Order.Persistence\MultiShop.Order.Persistence.csproj", "{039FD884-9B35-4F58-921F-32BA920BACF3}"
EndProject
Project("{FAE04EC0-301F-11D3-BF4B-00C04F79EFBC}") = "MultiShop.Order.Domain", "..\..\..\MultiShop-master\Services\Order\Core\MultiShop.Order.Domain\MultiShop.Order.Domain.csproj", "{C77D2771-40A1-4AF8-A165-70F55D2905FA}"
EndProject
Project("{2150E333-8FDC-42A3-9474-1A3956D46DE8}") = "Presentation", "Presentation", "{214C9D06-62A2-4A78-A0DE-5101B449E0E4}"
EndProject
Project("{FAE04EC0-301F-11D3-BF4B-00C04F79EFBC}") = "MultiShop.Order.WebApi", "..\..\..\MultiShop-master\Services\Order\Presentation\MultiShop.Order.WebApi\MultiShop.Order.WebApi.csproj", "{90AB5A28-3637-4A09-98CD-9909FE950708}"
EndProject
Project("{2150E333-8FDC-42A3-9474-1A3956D46DE8}") = "Message", "Message", "{5118CBBB-3680-4EBA-B15D-D9C365A79DD2}"
EndProject
Project("{FAE04EC0-301F-11D3-BF4B-00C04F79EFBC}") = "MultiShop.Message", "Services\Message\MultiShop.Message\MultiShop.Message.csproj", "{A5EF0F86-38AC-4F89-B66C-3E08E7E69BF4}"
EndProject
Project("{2150E333-8FDC-42A3-9474-1A3956D46DE8}") = "SignalRRealTime", "SignalRRealTime", "{89FEC032-A37C-48BA-9511-407CD7ED818D}"
EndProject
Project("{FAE04EC0-301F-11D3-BF4B-00C04F79EFBC}") = "MultiShop.SignalRRealTimeApi", "Services\SignalRRealTime\MultiShop.SignalRRealTimeApi\MultiShop.SignalRRealTimeApi.csproj", "{88D8D0F2-BA9E-4F5B-93AC-734C1813A447}"
EndProject
Project("{FAE04EC0-301F-11D3-BF4B-00C04F79EFBC}") = "MultiShop.Images.WebUI", "Services\Images\MultiShop.Images.WebUI\MultiShop.Images.WebUI.csproj", "{76A19C70-C3D1-462E-89D5-CDB3DA9F461A}"
EndProject
Project("{2150E333-8FDC-42A3-9474-1A3956D46DE8}") = "RabbitMQMessage", "RabbitMQMessage", "{DF85EE4A-951A-4C0F-BA47-3EE17C62B738}"
EndProject
Project("{FAE04EC0-301F-11D3-BF4B-00C04F79EFBC}") = "MultiShop.RabbitMQMessageApi", "RabbitMQMessage\MultiShop.RabbitMQMessageApi\MultiShop.RabbitMQMessageApi.csproj", "{90325B2C-D14D-4208-AA68-F591D1351C8C}"
EndProject
Project("{FAE04EC0-301F-11D3-BF4B-00C04F79EFBC}") = "MultiShop.RapidApiWebUI", "RapidApi\MultiShop.RapidApiWebUI\MultiShop.RapidApiWebUI.csproj", "{CB1F866F-A5BB-45BC-A0A9-806FDB363AB2}"
EndProject
Global
	GlobalSection(SolutionConfigurationPlatforms) = preSolution
		Debug|Any CPU = Debug|Any CPU
		Release|Any CPU = Release|Any CPU
	EndGlobalSection
	GlobalSection(ProjectConfigurationPlatforms) = postSolution
		{DC0C85DF-A5CA-450C-A2C7-AA08BA6A1BBD}.Debug|Any CPU.ActiveCfg = Debug|Any CPU
		{DC0C85DF-A5CA-450C-A2C7-AA08BA6A1BBD}.Debug|Any CPU.Build.0 = Debug|Any CPU
		{DC0C85DF-A5CA-450C-A2C7-AA08BA6A1BBD}.Release|Any CPU.ActiveCfg = Release|Any CPU
		{DC0C85DF-A5CA-450C-A2C7-AA08BA6A1BBD}.Release|Any CPU.Build.0 = Release|Any CPU
		{AFA248C1-FD24-4E4B-ADF8-333E47B9F6C0}.Debug|Any CPU.ActiveCfg = Debug|Any CPU
		{AFA248C1-FD24-4E4B-ADF8-333E47B9F6C0}.Debug|Any CPU.Build.0 = Debug|Any CPU
		{AFA248C1-FD24-4E4B-ADF8-333E47B9F6C0}.Release|Any CPU.ActiveCfg = Release|Any CPU
		{AFA248C1-FD24-4E4B-ADF8-333E47B9F6C0}.Release|Any CPU.Build.0 = Release|Any CPU
		{7D5E7120-7A7F-4D33-BFED-2FC23A0D1C84}.Debug|Any CPU.ActiveCfg = Debug|Any CPU
		{7D5E7120-7A7F-4D33-BFED-2FC23A0D1C84}.Debug|Any CPU.Build.0 = Debug|Any CPU
		{7D5E7120-7A7F-4D33-BFED-2FC23A0D1C84}.Release|Any CPU.ActiveCfg = Release|Any CPU
		{7D5E7120-7A7F-4D33-BFED-2FC23A0D1C84}.Release|Any CPU.Build.0 = Release|Any CPU
		{2A766D36-EE05-4456-B1E5-7AEBDF915A5A}.Debug|Any CPU.ActiveCfg = Debug|Any CPU
		{2A766D36-EE05-4456-B1E5-7AEBDF915A5A}.Debug|Any CPU.Build.0 = Debug|Any CPU
		{2A766D36-EE05-4456-B1E5-7AEBDF915A5A}.Release|Any CPU.ActiveCfg = Release|Any CPU
		{2A766D36-EE05-4456-B1E5-7AEBDF915A5A}.Release|Any CPU.Build.0 = Release|Any CPU
		{35A51558-A48C-4DA7-BB31-BF102497CD5B}.Debug|Any CPU.ActiveCfg = Debug|Any CPU
		{35A51558-A48C-4DA7-BB31-BF102497CD5B}.Debug|Any CPU.Build.0 = Debug|Any CPU
		{35A51558-A48C-4DA7-BB31-BF102497CD5B}.Release|Any CPU.ActiveCfg = Release|Any CPU
		{35A51558-A48C-4DA7-BB31-BF102497CD5B}.Release|Any CPU.Build.0 = Release|Any CPU
		{38867C7A-B98B-4F0E-9E41-17AC85D38366}.Debug|Any CPU.ActiveCfg = Debug|Any CPU
		{38867C7A-B98B-4F0E-9E41-17AC85D38366}.Debug|Any CPU.Build.0 = Debug|Any CPU
		{38867C7A-B98B-4F0E-9E41-17AC85D38366}.Release|Any CPU.ActiveCfg = Release|Any CPU
		{38867C7A-B98B-4F0E-9E41-17AC85D38366}.Release|Any CPU.Build.0 = Release|Any CPU
		{3BB26D6A-8EDD-4E57-A5EA-231E3D90E412}.Debug|Any CPU.ActiveCfg = Debug|Any CPU
		{3BB26D6A-8EDD-4E57-A5EA-231E3D90E412}.Debug|Any CPU.Build.0 = Debug|Any CPU
		{3BB26D6A-8EDD-4E57-A5EA-231E3D90E412}.Release|Any CPU.ActiveCfg = Release|Any CPU
		{3BB26D6A-8EDD-4E57-A5EA-231E3D90E412}.Release|Any CPU.Build.0 = Release|Any CPU
		{9B54B31D-C267-489A-9D87-62204402DA86}.Debug|Any CPU.ActiveCfg = Debug|Any CPU
		{9B54B31D-C267-489A-9D87-62204402DA86}.Debug|Any CPU.Build.0 = Debug|Any CPU
		{9B54B31D-C267-489A-9D87-62204402DA86}.Release|Any CPU.ActiveCfg = Release|Any CPU
		{9B54B31D-C267-489A-9D87-62204402DA86}.Release|Any CPU.Build.0 = Release|Any CPU
		{C095388B-23C4-4ECC-A923-4BFA4593BE88}.Debug|Any CPU.ActiveCfg = Debug|Any CPU
		{C095388B-23C4-4ECC-A923-4BFA4593BE88}.Debug|Any CPU.Build.0 = Debug|Any CPU
		{C095388B-23C4-4ECC-A923-4BFA4593BE88}.Release|Any CPU.ActiveCfg = Release|Any CPU
		{C095388B-23C4-4ECC-A923-4BFA4593BE88}.Release|Any CPU.Build.0 = Release|Any CPU
		{8029883C-FAAB-4FF8-B370-E5AF97B4DC4F}.Debug|Any CPU.ActiveCfg = Debug|Any CPU
		{8029883C-FAAB-4FF8-B370-E5AF97B4DC4F}.Debug|Any CPU.Build.0 = Debug|Any CPU
		{8029883C-FAAB-4FF8-B370-E5AF97B4DC4F}.Release|Any CPU.ActiveCfg = Release|Any CPU
		{8029883C-FAAB-4FF8-B370-E5AF97B4DC4F}.Release|Any CPU.Build.0 = Release|Any CPU
		{9D49FE56-686B-46F7-AA6F-10F5393472FB}.Debug|Any CPU.ActiveCfg = Debug|Any CPU
		{9D49FE56-686B-46F7-AA6F-10F5393472FB}.Debug|Any CPU.Build.0 = Debug|Any CPU
		{9D49FE56-686B-46F7-AA6F-10F5393472FB}.Release|Any CPU.ActiveCfg = Release|Any CPU
		{9D49FE56-686B-46F7-AA6F-10F5393472FB}.Release|Any CPU.Build.0 = Release|Any CPU
		{430E88F6-2AAF-42F6-8DBD-EF4EBFBDC05A}.Debug|Any CPU.ActiveCfg = Debug|Any CPU
		{430E88F6-2AAF-42F6-8DBD-EF4EBFBDC05A}.Debug|Any CPU.Build.0 = Debug|Any CPU
		{430E88F6-2AAF-42F6-8DBD-EF4EBFBDC05A}.Release|Any CPU.ActiveCfg = Release|Any CPU
		{430E88F6-2AAF-42F6-8DBD-EF4EBFBDC05A}.Release|Any CPU.Build.0 = Release|Any CPU
		{60E78DA7-0364-4E84-BCF9-894A818DA731}.Debug|Any CPU.ActiveCfg = Debug|Any CPU
		{60E78DA7-0364-4E84-BCF9-894A818DA731}.Debug|Any CPU.Build.0 = Debug|Any CPU
		{60E78DA7-0364-4E84-BCF9-894A818DA731}.Release|Any CPU.ActiveCfg = Release|Any CPU
		{60E78DA7-0364-4E84-BCF9-894A818DA731}.Release|Any CPU.Build.0 = Release|Any CPU
		{A2002130-85D4-4098-9277-9483E70AE4A0}.Debug|Any CPU.ActiveCfg = Debug|Any CPU
		{A2002130-85D4-4098-9277-9483E70AE4A0}.Debug|Any CPU.Build.0 = Debug|Any CPU
		{A2002130-85D4-4098-9277-9483E70AE4A0}.Release|Any CPU.ActiveCfg = Release|Any CPU
		{A2002130-85D4-4098-9277-9483E70AE4A0}.Release|Any CPU.Build.0 = Release|Any CPU
		{70E53119-C06D-4969-9DDB-BCA3EBC4B1D3}.Debug|Any CPU.ActiveCfg = Debug|Any CPU
		{70E53119-C06D-4969-9DDB-BCA3EBC4B1D3}.Debug|Any CPU.Build.0 = Debug|Any CPU
		{70E53119-C06D-4969-9DDB-BCA3EBC4B1D3}.Release|Any CPU.ActiveCfg = Release|Any CPU
		{70E53119-C06D-4969-9DDB-BCA3EBC4B1D3}.Release|Any CPU.Build.0 = Release|Any CPU
		{EFC20F44-1A6E-4996-B8BC-3E5A96E333A0}.Debug|Any CPU.ActiveCfg = Debug|Any CPU
		{EFC20F44-1A6E-4996-B8BC-3E5A96E333A0}.Debug|Any CPU.Build.0 = Debug|Any CPU
		{EFC20F44-1A6E-4996-B8BC-3E5A96E333A0}.Release|Any CPU.ActiveCfg = Release|Any CPU
		{EFC20F44-1A6E-4996-B8BC-3E5A96E333A0}.Release|Any CPU.Build.0 = Release|Any CPU
		{039FD884-9B35-4F58-921F-32BA920BACF3}.Debug|Any CPU.ActiveCfg = Debug|Any CPU
		{039FD884-9B35-4F58-921F-32BA920BACF3}.Debug|Any CPU.Build.0 = Debug|Any CPU
		{039FD884-9B35-4F58-921F-32BA920BACF3}.Release|Any CPU.ActiveCfg = Release|Any CPU
		{039FD884-9B35-4F58-921F-32BA920BACF3}.Release|Any CPU.Build.0 = Release|Any CPU
		{C77D2771-40A1-4AF8-A165-70F55D2905FA}.Debug|Any CPU.ActiveCfg = Debug|Any CPU
		{C77D2771-40A1-4AF8-A165-70F55D2905FA}.Debug|Any CPU.Build.0 = Debug|Any CPU
		{C77D2771-40A1-4AF8-A165-70F55D2905FA}.Release|Any CPU.ActiveCfg = Release|Any CPU
		{C77D2771-40A1-4AF8-A165-70F55D2905FA}.Release|Any CPU.Build.0 = Release|Any CPU
		{90AB5A28-3637-4A09-98CD-9909FE950708}.Debug|Any CPU.ActiveCfg = Debug|Any CPU
		{90AB5A28-3637-4A09-98CD-9909FE950708}.Debug|Any CPU.Build.0 = Debug|Any CPU
		{90AB5A28-3637-4A09-98CD-9909FE950708}.Release|Any CPU.ActiveCfg = Release|Any CPU
		{90AB5A28-3637-4A09-98CD-9909FE950708}.Release|Any CPU.Build.0 = Release|Any CPU
		{A5EF0F86-38AC-4F89-B66C-3E08E7E69BF4}.Debug|Any CPU.ActiveCfg = Debug|Any CPU
		{A5EF0F86-38AC-4F89-B66C-3E08E7E69BF4}.Debug|Any CPU.Build.0 = Debug|Any CPU
		{A5EF0F86-38AC-4F89-B66C-3E08E7E69BF4}.Release|Any CPU.ActiveCfg = Release|Any CPU
		{A5EF0F86-38AC-4F89-B66C-3E08E7E69BF4}.Release|Any CPU.Build.0 = Release|Any CPU
		{88D8D0F2-BA9E-4F5B-93AC-734C1813A447}.Debug|Any CPU.ActiveCfg = Debug|Any CPU
		{88D8D0F2-BA9E-4F5B-93AC-734C1813A447}.Debug|Any CPU.Build.0 = Debug|Any CPU
		{88D8D0F2-BA9E-4F5B-93AC-734C1813A447}.Release|Any CPU.ActiveCfg = Release|Any CPU
		{88D8D0F2-BA9E-4F5B-93AC-734C1813A447}.Release|Any CPU.Build.0 = Release|Any CPU
		{76A19C70-C3D1-462E-89D5-CDB3DA9F461A}.Debug|Any CPU.ActiveCfg = Debug|Any CPU
		{76A19C70-C3D1-462E-89D5-CDB3DA9F461A}.Debug|Any CPU.Build.0 = Debug|Any CPU
		{76A19C70-C3D1-462E-89D5-CDB3DA9F461A}.Release|Any CPU.ActiveCfg = Release|Any CPU
		{76A19C70-C3D1-462E-89D5-CDB3DA9F461A}.Release|Any CPU.Build.0 = Release|Any CPU
		{90325B2C-D14D-4208-AA68-F591D1351C8C}.Debug|Any CPU.ActiveCfg = Debug|Any CPU
		{90325B2C-D14D-4208-AA68-F591D1351C8C}.Debug|Any CPU.Build.0 = Debug|Any CPU
		{90325B2C-D14D-4208-AA68-F591D1351C8C}.Release|Any CPU.ActiveCfg = Release|Any CPU
		{90325B2C-D14D-4208-AA68-F591D1351C8C}.Release|Any CPU.Build.0 = Release|Any CPU
		{CB1F866F-A5BB-45BC-A0A9-806FDB363AB2}.Debug|Any CPU.ActiveCfg = Debug|Any CPU
		{CB1F866F-A5BB-45BC-A0A9-806FDB363AB2}.Debug|Any CPU.Build.0 = Debug|Any CPU
		{CB1F866F-A5BB-45BC-A0A9-806FDB363AB2}.Release|Any CPU.ActiveCfg = Release|Any CPU
		{CB1F866F-A5BB-45BC-A0A9-806FDB363AB2}.Release|Any CPU.Build.0 = Release|Any CPU
	EndGlobalSection
	GlobalSection(SolutionProperties) = preSolution
		HideSolutionNode = FALSE
	EndGlobalSection
	GlobalSection(NestedProjects) = preSolution
		{35265422-34B8-4365-B9A0-0EE11C6EA31A} = {73391F36-DFE6-4C4A-8BA9-957F1C27C36F}
		{DC0C85DF-A5CA-450C-A2C7-AA08BA6A1BBD} = {35265422-34B8-4365-B9A0-0EE11C6EA31A}
		{DC3112AF-E6C4-48A1-AA85-49C1E00DB5FA} = {73391F36-DFE6-4C4A-8BA9-957F1C27C36F}
		{AFA248C1-FD24-4E4B-ADF8-333E47B9F6C0} = {DC3112AF-E6C4-48A1-AA85-49C1E00DB5FA}
		{7D5E7120-7A7F-4D33-BFED-2FC23A0D1C84} = {54D3BB39-B1C6-48EF-AA44-267C4B80B801}
		{717CD1DB-10F4-46EB-ACB4-D878FE52A765} = {73391F36-DFE6-4C4A-8BA9-957F1C27C36F}
		{2A766D36-EE05-4456-B1E5-7AEBDF915A5A} = {717CD1DB-10F4-46EB-ACB4-D878FE52A765}
		{35A51558-A48C-4DA7-BB31-BF102497CD5B} = {717CD1DB-10F4-46EB-ACB4-D878FE52A765}
		{38867C7A-B98B-4F0E-9E41-17AC85D38366} = {717CD1DB-10F4-46EB-ACB4-D878FE52A765}
		{3BB26D6A-8EDD-4E57-A5EA-231E3D90E412} = {717CD1DB-10F4-46EB-ACB4-D878FE52A765}
		{9B54B31D-C267-489A-9D87-62204402DA86} = {717CD1DB-10F4-46EB-ACB4-D878FE52A765}
		{E49CD4DA-C760-4431-B8A6-E66D19F80B72} = {73391F36-DFE6-4C4A-8BA9-957F1C27C36F}
		{C095388B-23C4-4ECC-A923-4BFA4593BE88} = {E49CD4DA-C760-4431-B8A6-E66D19F80B72}
		{8029883C-FAAB-4FF8-B370-E5AF97B4DC4F} = {A397FCA5-5253-4073-9591-E0FAF4BFE2B8}
		{9D49FE56-686B-46F7-AA6F-10F5393472FB} = {A397FCA5-5253-4073-9591-E0FAF4BFE2B8}
		{F9F25C1C-EB66-48BC-8109-1D8A6AE02374} = {73391F36-DFE6-4C4A-8BA9-957F1C27C36F}
		{430E88F6-2AAF-42F6-8DBD-EF4EBFBDC05A} = {F9F25C1C-EB66-48BC-8109-1D8A6AE02374}
		{60E78DA7-0364-4E84-BCF9-894A818DA731} = {AF7E5D54-5F42-40A3-8AE7-86DE121244FE}
		{CCC908AB-F4D4-4075-8F6C-137E0D501BC7} = {73391F36-DFE6-4C4A-8BA9-957F1C27C36F}
		{A2002130-85D4-4098-9277-9483E70AE4A0} = {CCC908AB-F4D4-4075-8F6C-137E0D501BC7}
		{117DC7BD-2740-4180-BD4E-4F5BE93CD2E4} = {73391F36-DFE6-4C4A-8BA9-957F1C27C36F}
		{70E53119-C06D-4969-9DDB-BCA3EBC4B1D3} = {117DC7BD-2740-4180-BD4E-4F5BE93CD2E4}
		{CE843BF7-0E8F-476E-BD48-010059B22B7C} = {73391F36-DFE6-4C4A-8BA9-957F1C27C36F}
		{4E0C4E43-2D34-4C0E-B80D-8C19649EC8B2} = {CE843BF7-0E8F-476E-BD48-010059B22B7C}
		{EFC20F44-1A6E-4996-B8BC-3E5A96E333A0} = {4E0C4E43-2D34-4C0E-B80D-8C19649EC8B2}
		{B7CA1538-2C8C-4571-A26F-DE38FF9E250B} = {CE843BF7-0E8F-476E-BD48-010059B22B7C}
		{039FD884-9B35-4F58-921F-32BA920BACF3} = {B7CA1538-2C8C-4571-A26F-DE38FF9E250B}
		{C77D2771-40A1-4AF8-A165-70F55D2905FA} = {4E0C4E43-2D34-4C0E-B80D-8C19649EC8B2}
		{214C9D06-62A2-4A78-A0DE-5101B449E0E4} = {CE843BF7-0E8F-476E-BD48-010059B22B7C}
		{90AB5A28-3637-4A09-98CD-9909FE950708} = {214C9D06-62A2-4A78-A0DE-5101B449E0E4}
		{5118CBBB-3680-4EBA-B15D-D9C365A79DD2} = {73391F36-DFE6-4C4A-8BA9-957F1C27C36F}
		{A5EF0F86-38AC-4F89-B66C-3E08E7E69BF4} = {5118CBBB-3680-4EBA-B15D-D9C365A79DD2}
		{89FEC032-A37C-48BA-9511-407CD7ED818D} = {73391F36-DFE6-4C4A-8BA9-957F1C27C36F}
		{88D8D0F2-BA9E-4F5B-93AC-734C1813A447} = {89FEC032-A37C-48BA-9511-407CD7ED818D}
		{76A19C70-C3D1-462E-89D5-CDB3DA9F461A} = {117DC7BD-2740-4180-BD4E-4F5BE93CD2E4}
		{DF85EE4A-951A-4C0F-BA47-3EE17C62B738} = {73391F36-DFE6-4C4A-8BA9-957F1C27C36F}
		{90325B2C-D14D-4208-AA68-F591D1351C8C} = {DF85EE4A-951A-4C0F-BA47-3EE17C62B738}
		{CB1F866F-A5BB-45BC-A0A9-806FDB363AB2} = {06BF7365-9D94-46FD-BF2E-F41AB30C5D3B}
	EndGlobalSection
EndGlobal
